# This file was autogenerated by uv via the following command:
#    uv pip compile pyproject.toml --extra dev -o requirements.lock
anyio==4.13.0
    # via httpx
cachecontrol==0.14.4
    # via firebase-admin
certifi==2026.4.22
    # via
    #   httpcore
    #   httpx
    #   requests
cffi==2.0.0
    # via cryptography
charset-normalizer==3.4.7
    # via requests
cloudpickle==3.1.2
    # via shap
contourpy==1.3.3
    # via matplotlib
cryptography==48.0.0
    # via
    #   google-auth
    #   pyjwt
cycler==0.12.1
    # via matplotlib
firebase-admin==6.9.0
    # via tradeiq-ml (pyproject.toml)
fonttools==4.62.1
    # via matplotlib
google-api-core==2.30.3
    # via
    #   firebase-admin
    #   google-api-python-client
    #   google-cloud-core
    #   google-cloud-firestore
    #   google-cloud-storage
google-api-python-client==2.196.0
    # via firebase-admin
google-auth==2.52.0
    # via
    #   google-api-core
    #   google-api-python-client
    #   google-auth-httplib2
    #   google-cloud-core
    #   google-cloud-firestore
    #   google-cloud-storage
google-auth-httplib2==0.4.0
    # via google-api-python-client
google-cloud-core==2.6.0
    # via
    #   google-cloud-firestore
    #   google-cloud-storage
google-cloud-firestore==2.27.0
    # via firebase-admin
google-cloud-storage==3.10.1
    # via firebase-admin
google-crc32c==1.8.0
    # via
    #   google-cloud-storage
    #   google-resumable-media
google-resumable-media==2.9.0
    # via google-cloud-storage
googleapis-common-protos==1.75.0
    # via
    #   google-api-core
    #   grpcio-status
grpcio==1.80.0
    # via
    #   google-api-core
    #   google-cloud-firestore
    #   grpcio-status
grpcio-status==1.80.0
    # via google-api-core
h11==0.16.0
    # via httpcore
h2==4.3.0
    # via httpx
hpack==4.1.0
    # via h2
httpcore==1.0.9
    # via httpx
httplib2==0.31.2
    # via
    #   google-api-python-client
    #   google-auth-httplib2
httpx==0.28.1
    # via firebase-admin
hyperframe==6.1.0
    # via h2
idna==3.15
    # via
    #   anyio
    #   httpx
    #   requests
iniconfig==2.3.0
    # via pytest
joblib==1.5.3
    # via scikit-learn
kiwisolver==1.5.0
    # via matplotlib
lightgbm==4.6.0
    # via tradeiq-ml (pyproject.toml)
llvmlite==0.47.0
    # via
    #   numba
    #   shap
matplotlib==3.10.9
    # via tradeiq-ml (pyproject.toml)
msgpack==1.1.2
    # via cachecontrol
numba==0.65.1
    # via shap
numpy==2.4.4
    # via
    #   tradeiq-ml (pyproject.toml)
    #   contourpy
    #   lightgbm
    #   matplotlib
    #   numba
    #   pandas
    #   patsy
    #   scikit-learn
    #   scipy
    #   shap
    #   statsmodels
packaging==26.2
    # via
    #   matplotlib
    #   plotly
    #   pytest
    #   shap
    #   statsmodels
pandas==2.3.3
    # via
    #   tradeiq-ml (pyproject.toml)
    #   shap
    #   statsmodels
patsy==1.0.2
    # via statsmodels
pillow==12.2.0
    # via matplotlib
plotly==5.24.1
    # via tradeiq-ml (pyproject.toml)
pluggy==1.6.0
    # via pytest
proto-plus==1.28.0
    # via
    #   google-api-core
    #   google-cloud-firestore
protobuf==6.33.6
    # via
    #   google-api-core
    #   google-cloud-firestore
    #   googleapis-common-protos
    #   grpcio-status
    #   proto-plus
pyarrow==24.0.0
    # via tradeiq-ml (pyproject.toml)
pyasn1==0.6.3
    # via pyasn1-modules
pyasn1-modules==0.4.2
    # via google-auth
pycparser==3.0
    # via cffi
pygments==2.20.0
    # via pytest
pyjwt==2.12.1
    # via firebase-admin
pyparsing==3.3.2
    # via
    #   httplib2
    #   matplotlib
pytest==8.4.2
    # via tradeiq-ml (pyproject.toml)
python-dateutil==2.9.0.post0
    # via
    #   matplotlib
    #   pandas
pytz==2026.2
    # via pandas
requests==2.34.1
    # via
    #   cachecontrol
    #   google-api-core
    #   google-cloud-storage
ruff==0.15.12
    # via tradeiq-ml (pyproject.toml)
scikit-learn==1.8.0
    # via
    #   tradeiq-ml (pyproject.toml)
    #   shap
scipy==1.17.1
    # via
    #   tradeiq-ml (pyproject.toml)
    #   lightgbm
    #   scikit-learn
    #   shap
    #   statsmodels
shap==0.51.0
    # via tradeiq-ml (pyproject.toml)
six==1.17.0
    # via python-dateutil
slicer==0.0.8
    # via shap
statsmodels==0.14.6
    # via tradeiq-ml (pyproject.toml)
tenacity==9.1.4
    # via plotly
threadpoolctl==3.6.0
    # via scikit-learn
tqdm==4.67.3
    # via shap
typing-extensions==4.15.0
    # via
    #   anyio
    #   grpcio
    #   shap
tzdata==2026.2
    # via pandas
uritemplate==4.2.0
    # via google-api-python-client
urllib3==2.7.0
    # via requests
